Microsoft Visual Studio Solution File, Format Version 12.00
# Visual Studio 14
VisualStudioVersion = 14.0.25420.1
MinimumVisualStudioVersion = 10.0.40219.1
Project("{8BC9CEB8-8B4A-11D0-8D11-00A0C91BC942}") = "xrEngine", "xrEngine\xrEngine.vcxproj", "{2578C6D8-660D-48AE-9322-7422F8664F06}"
	ProjectSection(ProjectDependencies) = postProject
		{3A214E06-B95E-4D61-A291-1F8DF2EC10FD} = {3A214E06-B95E-4D61-A291-1F8DF2EC10FD}
		{0BDF3377-F84E-4B42-A605-B45AAA244CB6} = {0BDF3377-F84E-4B42-A605-B45AAA244CB6}
		{CEBDE98B-A6AA-46E6-BC79-FAAF823DB9EC} = {CEBDE98B-A6AA-46E6-BC79-FAAF823DB9EC}
		{893887A1-3ABF-40A0-B931-CD0867010785} = {893887A1-3ABF-40A0-B931-CD0867010785}
		{632AEEB6-DC06-4E15-9551-B2B09A4B73C5} = {632AEEB6-DC06-4E15-9551-B2B09A4B73C5}
	EndProjectSection
EndProject
Project("{2150E333-8FDC-42A3-9474-1A3956D46DE8}") = "3rd party", "3rd party", "{2BFC806B-CE92-4EA4-8FE8-5F2EA54BA348}"
EndProject
Project("{8BC9CEB8-8B4A-11D0-8D11-00A0C91BC942}") = "ode", "3rd party\ode\contrib\msvc7\ode_default\default.vcxproj", "{1BF75FEB-87DD-486C-880B-227987D191C2}"
EndProject
Project("{8BC9CEB8-8B4A-11D0-8D11-00A0C91BC942}") = "OpenAL32", "3rd party\openal\OpenAL-Windows\Router\Router.vcxproj", "{566551F4-4EF1-4CB4-A131-F982E7606907}"
EndProject
Project("{8BC9CEB8-8B4A-11D0-8D11-00A0C91BC942}") = "xrCDB", "xrCDB\xrCDB.vcxproj", "{A19B1DF2-82EC-4364-8BDF-85D13A1C89B5}"
EndProject
Project("{8BC9CEB8-8B4A-11D0-8D11-00A0C91BC942}") = "xrCore", "xrCore\xrCore.vcxproj", "{A0F7D1FB-59A7-4717-A7E4-96F37E91998E}"
	ProjectSection(ProjectDependencies) = postProject
		{772FE450-F4F3-4687-A2A7-5624825089D7} = {772FE450-F4F3-4687-A2A7-5624825089D7}
	EndProjectSection
EndProject
Project("{8BC9CEB8-8B4A-11D0-8D11-00A0C91BC942}") = "xrCPU_Pipe", "xrCPU_Pipe\xrCPU_Pipe.vcxproj", "{CA0649DD-D089-423A-981C-46B57A884EB9}"
EndProject
Project("{8BC9CEB8-8B4A-11D0-8D11-00A0C91BC942}") = "xrGame", "xrGame\xrGame.vcxproj", "{200652A6-043E-4634-8837-87983B3BD5E0}"
	ProjectSection(ProjectDependencies) = postProject
		{938C5808-85A1-4B5A-8CB4-D2D9D7851CB8} = {938C5808-85A1-4B5A-8CB4-D2D9D7851CB8}
		{880CD250-BA77-4DAF-A8D4-552F12DD3AE4} = {880CD250-BA77-4DAF-A8D4-552F12DD3AE4}
	EndProjectSection
EndProject
Project("{8BC9CEB8-8B4A-11D0-8D11-00A0C91BC942}") = "xrNetServer", "xrNetServer\xrNetServer.vcxproj", "{435BAC9A-B225-457D-AB40-C9BD0CC8838C}"
	ProjectSection(ProjectDependencies) = postProject
		{772FE450-F4F3-4687-A2A7-5624825089D7} = {772FE450-F4F3-4687-A2A7-5624825089D7}
	EndProjectSection
EndProject
Project("{8BC9CEB8-8B4A-11D0-8D11-00A0C91BC942}") = "xrParticles", "xrParticles\xrParticles.vcxproj", "{94A1C366-3D19-48E6-8170-4ADC2E70DF97}"
EndProject
Project("{8BC9CEB8-8B4A-11D0-8D11-00A0C91BC942}") = "xrRender_R1", "Layers\xrRenderPC_R1\xrRender_R1.vcxproj", "{57A498C9-A741-4DDF-8EFC-BFB9EB6B00E2}"
EndProject
Project("{8BC9CEB8-8B4A-11D0-8D11-00A0C91BC942}") = "xrRender_R2", "Layers\xrRenderPC_R2\xrRender_R2.vcxproj", "{963BA4E5-499A-454D-B002-1D5ECE0527A6}"
EndProject
Project("{8BC9CEB8-8B4A-11D0-8D11-00A0C91BC942}") = "xrSound", "xrSound\xrSound.vcxproj", "{CCCA7859-EB86-493E-9B53-C4235F45B3C5}"
	ProjectSection(ProjectDependencies) = postProject
		{3A214E06-B95E-4D61-A291-1F8DF2EC10FD} = {3A214E06-B95E-4D61-A291-1F8DF2EC10FD}
		{CEBDE98B-A6AA-46E6-BC79-FAAF823DB9EC} = {CEBDE98B-A6AA-46E6-BC79-FAAF823DB9EC}
		{893887A1-3ABF-40A0-B931-CD0867010785} = {893887A1-3ABF-40A0-B931-CD0867010785}
		{566551F4-4EF1-4CB4-A131-F982E7606907} = {566551F4-4EF1-4CB4-A131-F982E7606907}
	EndProjectSection
EndProject
Project("{8BC9CEB8-8B4A-11D0-8D11-00A0C91BC942}") = "xrXMLParser", "xrXMLParser\xrXMLParser.vcxproj", "{94A1C366-3D19-48E6-8170-4ADC2E70DF98}"
EndProject
Project("{8BC9CEB8-8B4A-11D0-8D11-00A0C91BC942}") = "xrAPI", "Layers\xrAPI\xrAPI.vcxproj", "{1DAEC516-E52C-4A3C-A4DA-AE3553E6E0F8}"
EndProject
Project("{8BC9CEB8-8B4A-11D0-8D11-00A0C91BC942}") = "xrRender_R3", "Layers\xrRenderPC_R3\xrRender_R3.vcxproj", "{3F383D3C-FCD8-4170-990B-EB4833F09248}"
EndProject
Project("{8BC9CEB8-8B4A-11D0-8D11-00A0C91BC942}") = "luabind.beta7-devel.rc4", "3rd party\luabind\luabind.beta7-devel.rc4.vcxproj", "{CC52E0B3-CC35-4934-9302-035B748F3F2C}"
	ProjectSection(ProjectDependencies) = postProject
		{632AEEB6-DC06-4E15-9551-B2B09A4B73C5} = {632AEEB6-DC06-4E15-9551-B2B09A4B73C5}
	EndProjectSection
EndProject
Project("{8BC9CEB8-8B4A-11D0-8D11-00A0C91BC942}") = "xrPhysics", "xrPhysics\xrPhysics.vcxproj", "{98D24A3D-7666-4C11-9D6E-B10393CE8CBA}"
EndProject
Project("{8BC9CEB8-8B4A-11D0-8D11-00A0C91BC942}") = "crypto", "3rd party\crypto\crypto.vcxproj", "{FA169092-EA3E-40C1-8E5A-A2B575700FE8}"
EndProject
Project("{8BC9CEB8-8B4A-11D0-8D11-00A0C91BC942}") = "xrRender_R4", "Layers\xrRenderPC_R4\xrRender_R4.vcxproj", "{AC9B12ED-A2D7-4337-A981-5BD8430E96D8}"
EndProject
Project("{8BC9CEB8-8B4A-11D0-8D11-00A0C91BC942}") = "CxImage", "3rd party\cximage\cximage.vcxproj", "{880CD250-BA77-4DAF-A8D4-552F12DD3AE4}"
EndProject
Project("{8BC9CEB8-8B4A-11D0-8D11-00A0C91BC942}") = "NVTT", "3rd party\NVTT\NVTT.vcxproj", "{0EB257DC-5CFC-44B0-82C9-CE6B158BE473}"
EndProject
Project("{8BC9CEB8-8B4A-11D0-8D11-00A0C91BC942}") = "lua_extensions", "3rd party\lua-extensions\lua_extensions.vcxproj", "{44F716E7-05BD-4390-AB02-5F7DAF7FEFDE}"
	ProjectSection(ProjectDependencies) = postProject
		{632AEEB6-DC06-4E15-9551-B2B09A4B73C5} = {632AEEB6-DC06-4E15-9551-B2B09A4B73C5}
	EndProjectSection
EndProject
Project("{8BC9CEB8-8B4A-11D0-8D11-00A0C91BC942}") = "libjpeg", "..\sdk\include\jpeg\vs2013\libjpeg.vcxproj", "{938C5808-85A1-4B5A-8CB4-D2D9D7851CB8}"
EndProject
Project("{8BC9CEB8-8B4A-11D0-8D11-00A0C91BC942}") = "libogg_static", "..\sdk\include\ogg\vs2013\libogg_static.vcxproj", "{893887A1-3ABF-40A0-B931-CD0867010785}"
EndProject
Project("{8BC9CEB8-8B4A-11D0-8D11-00A0C91BC942}") = "libtheora_static", "..\sdk\include\theora\vs2013\libtheora_static.vcxproj", "{0BDF3377-F84E-4B42-A605-B45AAA244CB6}"
EndProject
Project("{8BC9CEB8-8B4A-11D0-8D11-00A0C91BC942}") = "libvorbis_static", "..\sdk\include\vorbis\vs2013\libvorbis_static.vcxproj", "{3A214E06-B95E-4D61-A291-1F8DF2EC10FD}"
EndProject
Project("{8BC9CEB8-8B4A-11D0-8D11-00A0C91BC942}") = "libvorbisfile_static", "..\sdk\include\vorbis\vs2013\libvorbisfile_static.vcxproj", "{CEBDE98B-A6AA-46E6-BC79-FAAF823DB9EC}"
EndProject
Project("{8BC9CEB8-8B4A-11D0-8D11-00A0C91BC942}") = "LuaJIT-2", "3rd party\luajit-2\src\luajit.vcxproj", "{632AEEB6-DC06-4E15-9551-B2B09A4B73C5}"
	ProjectSection(ProjectDependencies) = postProject
		{3F383D3C-FCD8-4170-990B-EB4833F09248} = {3F383D3C-FCD8-4170-990B-EB4833F09248}
		{57A498C9-A741-4DDF-8EFC-BFB9EB6B00E2} = {57A498C9-A741-4DDF-8EFC-BFB9EB6B00E2}
		{963BA4E5-499A-454D-B002-1D5ECE0527A6} = {963BA4E5-499A-454D-B002-1D5ECE0527A6}
		{AC9B12ED-A2D7-4337-A981-5BD8430E96D8} = {AC9B12ED-A2D7-4337-A981-5BD8430E96D8}
	EndProjectSection
EndProject
Project("{8BC9CEB8-8B4A-11D0-8D11-00A0C91BC942}") = "DXERR", "3rd party\DXERR\DXERR.vcxproj", "{772FE450-F4F3-4687-A2A7-5624825089D7}"
EndProject
Global
	GlobalSection(SolutionConfigurationPlatforms) = preSolution
		DX10|x64 = DX10|x64
		DX10-AVX|x64 = DX10-AVX|x64
		DX11|x64 = DX11|x64
		DX11-AVX|x64 = DX11-AVX|x64
		DX8|x64 = DX8|x64
		DX8-AVX|x64 = DX8-AVX|x64
		DX9|x64 = DX9|x64
		DX9-AVX|x64 = DX9-AVX|x64
		VerifiedDX11|x64 = VerifiedDX11|x64
	EndGlobalSection
	GlobalSection(ProjectConfigurationPlatforms) = postSolution
		{2578C6D8-660D-48AE-9322-7422F8664F06}.DX10|x64.ActiveCfg = ReleaseR3|x64
		{2578C6D8-660D-48AE-9322-7422F8664F06}.DX10|x64.Build.0 = ReleaseR3|x64
		{2578C6D8-660D-48AE-9322-7422F8664F06}.DX10|x64.Deploy.0 = ReleaseR3|x64
		{2578C6D8-660D-48AE-9322-7422F8664F06}.DX10-AVX|x64.ActiveCfg = ReleaseR3-AVX|x64
		{2578C6D8-660D-48AE-9322-7422F8664F06}.DX10-AVX|x64.Build.0 = ReleaseR3-AVX|x64
		{2578C6D8-660D-48AE-9322-7422F8664F06}.DX10-AVX|x64.Deploy.0 = ReleaseR3-AVX|x64
		{2578C6D8-660D-48AE-9322-7422F8664F06}.DX11|x64.ActiveCfg = ReleaseR4|x64
		{2578C6D8-660D-48AE-9322-7422F8664F06}.DX11|x64.Build.0 = ReleaseR4|x64
		{2578C6D8-660D-48AE-9322-7422F8664F06}.DX11|x64.Deploy.0 = ReleaseR4|x64
		{2578C6D8-660D-48AE-9322-7422F8664F06}.DX11-AVX|x64.ActiveCfg = ReleaseR4-AVX|x64
		{2578C6D8-660D-48AE-9322-7422F8664F06}.DX11-AVX|x64.Build.0 = ReleaseR4-AVX|x64
		{2578C6D8-660D-48AE-9322-7422F8664F06}.DX11-AVX|x64.Deploy.0 = ReleaseR4-AVX|x64
		{2578C6D8-660D-48AE-9322-7422F8664F06}.DX8|x64.ActiveCfg = ReleaseR1|x64
		{2578C6D8-660D-48AE-9322-7422F8664F06}.DX8|x64.Build.0 = ReleaseR1|x64
		{2578C6D8-660D-48AE-9322-7422F8664F06}.DX8|x64.Deploy.0 = ReleaseR1|x64
		{2578C6D8-660D-48AE-9322-7422F8664F06}.DX8-AVX|x64.ActiveCfg = ReleaseR1-AVX|x64
		{2578C6D8-660D-48AE-9322-7422F8664F06}.DX8-AVX|x64.Build.0 = ReleaseR1-AVX|x64
		{2578C6D8-660D-48AE-9322-7422F8664F06}.DX8-AVX|x64.Deploy.0 = ReleaseR1-AVX|x64
		{2578C6D8-660D-48AE-9322-7422F8664F06}.DX9|x64.ActiveCfg = ReleaseR2|x64
		{2578C6D8-660D-48AE-9322-7422F8664F06}.DX9|x64.Build.0 = ReleaseR2|x64
		{2578C6D8-660D-48AE-9322-7422F8664F06}.DX9|x64.Deploy.0 = ReleaseR2|x64
		{2578C6D8-660D-48AE-9322-7422F8664F06}.DX9-AVX|x64.ActiveCfg = ReleaseR2-AVX|x64
		{2578C6D8-660D-48AE-9322-7422F8664F06}.DX9-AVX|x64.Build.0 = ReleaseR2-AVX|x64
		{2578C6D8-660D-48AE-9322-7422F8664F06}.DX9-AVX|x64.Deploy.0 = ReleaseR2-AVX|x64
		{2578C6D8-660D-48AE-9322-7422F8664F06}.VerifiedDX11|x64.ActiveCfg = VerifiedDX11|x64
		{2578C6D8-660D-48AE-9322-7422F8664F06}.VerifiedDX11|x64.Build.0 = VerifiedDX11|x64
		{1BF75FEB-87DD-486C-880B-227987D191C2}.DX10|x64.ActiveCfg = Release|x64
		{1BF75FEB-87DD-486C-880B-227987D191C2}.DX10|x64.Build.0 = Release|x64
		{1BF75FEB-87DD-486C-880B-227987D191C2}.DX10-AVX|x64.ActiveCfg = Release-AVX|x64
		{1BF75FEB-87DD-486C-880B-227987D191C2}.DX10-AVX|x64.Build.0 = Release-AVX|x64
		{1BF75FEB-87DD-486C-880B-227987D191C2}.DX11|x64.ActiveCfg = Release|x64
		{1BF75FEB-87DD-486C-880B-227987D191C2}.DX11|x64.Build.0 = Release|x64
		{1BF75FEB-87DD-486C-880B-227987D191C2}.DX11-AVX|x64.ActiveCfg = Release-AVX|x64
		{1BF75FEB-87DD-486C-880B-227987D191C2}.DX11-AVX|x64.Build.0 = Release-AVX|x64
		{1BF75FEB-87DD-486C-880B-227987D191C2}.DX8|x64.ActiveCfg = Release|x64
		{1BF75FEB-87DD-486C-880B-227987D191C2}.DX8|x64.Build.0 = Release|x64
		{1BF75FEB-87DD-486C-880B-227987D191C2}.DX8-AVX|x64.ActiveCfg = Release-AVX|x64
		{1BF75FEB-87DD-486C-880B-227987D191C2}.DX8-AVX|x64.Build.0 = Release-AVX|x64
		{1BF75FEB-87DD-486C-880B-227987D191C2}.DX9|x64.ActiveCfg = Release|x64
		{1BF75FEB-87DD-486C-880B-227987D191C2}.DX9|x64.Build.0 = Release|x64
		{1BF75FEB-87DD-486C-880B-227987D191C2}.DX9-AVX|x64.ActiveCfg = Release-AVX|x64
		{1BF75FEB-87DD-486C-880B-227987D191C2}.DX9-AVX|x64.Build.0 = Release-AVX|x64
		{1BF75FEB-87DD-486C-880B-227987D191C2}.VerifiedDX11|x64.ActiveCfg = VerifiedDX11|x64
		{1BF75FEB-87DD-486C-880B-227987D191C2}.VerifiedDX11|x64.Build.0 = VerifiedDX11|x64
		{566551F4-4EF1-4CB4-A131-F982E7606907}.DX10|x64.ActiveCfg = Release|x64
		{566551F4-4EF1-4CB4-A131-F982E7606907}.DX10|x64.Build.0 = Release|x64
		{566551F4-4EF1-4CB4-A131-F982E7606907}.DX10-AVX|x64.ActiveCfg = Release-AVX|x64
		{566551F4-4EF1-4CB4-A131-F982E7606907}.DX10-AVX|x64.Build.0 = Release-AVX|x64
		{566551F4-4EF1-4CB4-A131-F982E7606907}.DX11|x64.ActiveCfg = Release|x64
		{566551F4-4EF1-4CB4-A131-F982E7606907}.DX11|x64.Build.0 = Release|x64
		{566551F4-4EF1-4CB4-A131-F982E7606907}.DX11-AVX|x64.ActiveCfg = Release-AVX|x64
		{566551F4-4EF1-4CB4-A131-F982E7606907}.DX11-AVX|x64.Build.0 = Release-AVX|x64
		{566551F4-4EF1-4CB4-A131-F982E7606907}.DX8|x64.ActiveCfg = Release|x64
		{566551F4-4EF1-4CB4-A131-F982E7606907}.DX8|x64.Build.0 = Release|x64
		{566551F4-4EF1-4CB4-A131-F982E7606907}.DX8-AVX|x64.ActiveCfg = Release-AVX|x64
		{566551F4-4EF1-4CB4-A131-F982E7606907}.DX8-AVX|x64.Build.0 = Release-AVX|x64
		{566551F4-4EF1-4CB4-A131-F982E7606907}.DX9|x64.ActiveCfg = Release|x64
		{566551F4-4EF1-4CB4-A131-F982E7606907}.DX9|x64.Build.0 = Release|x64
		{566551F4-4EF1-4CB4-A131-F982E7606907}.DX9-AVX|x64.ActiveCfg = Release-AVX|x64
		{566551F4-4EF1-4CB4-A131-F982E7606907}.DX9-AVX|x64.Build.0 = Release-AVX|x64
		{566551F4-4EF1-4CB4-A131-F982E7606907}.VerifiedDX11|x64.ActiveCfg = VerifiedDX11|x64
		{566551F4-4EF1-4CB4-A131-F982E7606907}.VerifiedDX11|x64.Build.0 = VerifiedDX11|x64
		{A19B1DF2-82EC-4364-8BDF-85D13A1C89B5}.DX10|x64.ActiveCfg = Release|x64
		{A19B1DF2-82EC-4364-8BDF-85D13A1C89B5}.DX10|x64.Build.0 = Release|x64
		{A19B1DF2-82EC-4364-8BDF-85D13A1C89B5}.DX10-AVX|x64.ActiveCfg = Release-AVX|x64
		{A19B1DF2-82EC-4364-8BDF-85D13A1C89B5}.DX10-AVX|x64.Build.0 = Release-AVX|x64
		{A19B1DF2-82EC-4364-8BDF-85D13A1C89B5}.DX11|x64.ActiveCfg = Release|x64
		{A19B1DF2-82EC-4364-8BDF-85D13A1C89B5}.DX11|x64.Build.0 = Release|x64
		{A19B1DF2-82EC-4364-8BDF-85D13A1C89B5}.DX11-AVX|x64.ActiveCfg = Release-AVX|x64
		{A19B1DF2-82EC-4364-8BDF-85D13A1C89B5}.DX11-AVX|x64.Build.0 = Release-AVX|x64
		{A19B1DF2-82EC-4364-8BDF-85D13A1C89B5}.DX8|x64.ActiveCfg = Release|x64
		{A19B1DF2-82EC-4364-8BDF-85D13A1C89B5}.DX8|x64.Build.0 = Release|x64
		{A19B1DF2-82EC-4364-8BDF-85D13A1C89B5}.DX8-AVX|x64.ActiveCfg = Release-AVX|x64
		{A19B1DF2-82EC-4364-8BDF-85D13A1C89B5}.DX8-AVX|x64.Build.0 = Release-AVX|x64
		{A19B1DF2-82EC-4364-8BDF-85D13A1C89B5}.DX9|x64.ActiveCfg = Release|x64
		{A19B1DF2-82EC-4364-8BDF-85D13A1C89B5}.DX9|x64.Build.0 = Release|x64
		{A19B1DF2-82EC-4364-8BDF-85D13A1C89B5}.DX9-AVX|x64.ActiveCfg = Release-AVX|x64
		{A19B1DF2-82EC-4364-8BDF-85D13A1C89B5}.DX9-AVX|x64.Build.0 = Release-AVX|x64
		{A19B1DF2-82EC-4364-8BDF-85D13A1C89B5}.VerifiedDX11|x64.ActiveCfg = VerifiedDX11|x64
		{A19B1DF2-82EC-4364-8BDF-85D13A1C89B5}.VerifiedDX11|x64.Build.0 = VerifiedDX11|x64
		{A0F7D1FB-59A7-4717-A7E4-96F37E91998E}.DX10|x64.ActiveCfg = Release|x64
		{A0F7D1FB-59A7-4717-A7E4-96F37E91998E}.DX10|x64.Build.0 = Release|x64
		{A0F7D1FB-59A7-4717-A7E4-96F37E91998E}.DX10-AVX|x64.ActiveCfg = Release-AVX|x64
		{A0F7D1FB-59A7-4717-A7E4-96F37E91998E}.DX10-AVX|x64.Build.0 = Release-AVX|x64
		{A0F7D1FB-59A7-4717-A7E4-96F37E91998E}.DX11|x64.ActiveCfg = Release|x64
		{A0F7D1FB-59A7-4717-A7E4-96F37E91998E}.DX11|x64.Build.0 = Release|x64
		{A0F7D1FB-59A7-4717-A7E4-96F37E91998E}.DX11-AVX|x64.ActiveCfg = Release-AVX|x64
		{A0F7D1FB-59A7-4717-A7E4-96F37E91998E}.DX11-AVX|x64.Build.0 = Release-AVX|x64
		{A0F7D1FB-59A7-4717-A7E4-96F37E91998E}.DX8|x64.ActiveCfg = Release|x64
		{A0F7D1FB-59A7-4717-A7E4-96F37E91998E}.DX8|x64.Build.0 = Release|x64
		{A0F7D1FB-59A7-4717-A7E4-96F37E91998E}.DX8-AVX|x64.ActiveCfg = Release-AVX|x64
		{A0F7D1FB-59A7-4717-A7E4-96F37E91998E}.DX8-AVX|x64.Build.0 = Release-AVX|x64
		{A0F7D1FB-59A7-4717-A7E4-96F37E91998E}.DX9|x64.ActiveCfg = Release|x64
		{A0F7D1FB-59A7-4717-A7E4-96F37E91998E}.DX9|x64.Build.0 = Release|x64
		{A0F7D1FB-59A7-4717-A7E4-96F37E91998E}.DX9-AVX|x64.ActiveCfg = Release-AVX|x64
		{A0F7D1FB-59A7-4717-A7E4-96F37E91998E}.DX9-AVX|x64.Build.0 = Release-AVX|x64
		{A0F7D1FB-59A7-4717-A7E4-96F37E91998E}.VerifiedDX11|x64.ActiveCfg = VerifiedDX11|x64
		{A0F7D1FB-59A7-4717-A7E4-96F37E91998E}.VerifiedDX11|x64.Build.0 = VerifiedDX11|x64
		{CA0649DD-D089-423A-981C-46B57A884EB9}.DX10|x64.ActiveCfg = Release|x64
		{CA0649DD-D089-423A-981C-46B57A884EB9}.DX10|x64.Build.0 = Release|x64
		{CA0649DD-D089-423A-981C-46B57A884EB9}.DX10-AVX|x64.ActiveCfg = Release-AVX|x64
		{CA0649DD-D089-423A-981C-46B57A884EB9}.DX10-AVX|x64.Build.0 = Release-AVX|x64
		{CA0649DD-D089-423A-981C-46B57A884EB9}.DX11|x64.ActiveCfg = Release|x64
		{CA0649DD-D089-423A-981C-46B57A884EB9}.DX11|x64.Build.0 = Release|x64
		{CA0649DD-D089-423A-981C-46B57A884EB9}.DX11-AVX|x64.ActiveCfg = Release-AVX|x64
		{CA0649DD-D089-423A-981C-46B57A884EB9}.DX11-AVX|x64.Build.0 = Release-AVX|x64
		{CA0649DD-D089-423A-981C-46B57A884EB9}.DX8|x64.ActiveCfg = Release|x64
		{CA0649DD-D089-423A-981C-46B57A884EB9}.DX8|x64.Build.0 = Release|x64
		{CA0649DD-D089-423A-981C-46B57A884EB9}.DX8-AVX|x64.ActiveCfg = Release-AVX|x64
		{CA0649DD-D089-423A-981C-46B57A884EB9}.DX8-AVX|x64.Build.0 = Release-AVX|x64
		{CA0649DD-D089-423A-981C-46B57A884EB9}.DX9|x64.ActiveCfg = Release|x64
		{CA0649DD-D089-423A-981C-46B57A884EB9}.DX9|x64.Build.0 = Release|x64
		{CA0649DD-D089-423A-981C-46B57A884EB9}.DX9-AVX|x64.ActiveCfg = Release-AVX|x64
		{CA0649DD-D089-423A-981C-46B57A884EB9}.DX9-AVX|x64.Build.0 = Release-AVX|x64
		{CA0649DD-D089-423A-981C-46B57A884EB9}.VerifiedDX11|x64.ActiveCfg = VerifiedDX11|x64
		{CA0649DD-D089-423A-981C-46B57A884EB9}.VerifiedDX11|x64.Build.0 = VerifiedDX11|x64
		{200652A6-043E-4634-8837-87983B3BD5E0}.DX10|x64.ActiveCfg = Release|x64
		{200652A6-043E-4634-8837-87983B3BD5E0}.DX10|x64.Build.0 = Release|x64
		{200652A6-043E-4634-8837-87983B3BD5E0}.DX10-AVX|x64.ActiveCfg = Release-AVX|x64
		{200652A6-043E-4634-8837-87983B3BD5E0}.DX10-AVX|x64.Build.0 = Release-AVX|x64
		{200652A6-043E-4634-8837-87983B3BD5E0}.DX11|x64.ActiveCfg = Release|x64
		{200652A6-043E-4634-8837-87983B3BD5E0}.DX11|x64.Build.0 = Release|x64
		{200652A6-043E-4634-8837-87983B3BD5E0}.DX11-AVX|x64.ActiveCfg = Release-AVX|x64
		{200652A6-043E-4634-8837-87983B3BD5E0}.DX11-AVX|x64.Build.0 = Release-AVX|x64
		{200652A6-043E-4634-8837-87983B3BD5E0}.DX8|x64.ActiveCfg = Release|x64
		{200652A6-043E-4634-8837-87983B3BD5E0}.DX8|x64.Build.0 = Release|x64
		{200652A6-043E-4634-8837-87983B3BD5E0}.DX8-AVX|x64.ActiveCfg = Release-AVX|x64
		{200652A6-043E-4634-8837-87983B3BD5E0}.DX8-AVX|x64.Build.0 = Release-AVX|x64
		{200652A6-043E-4634-8837-87983B3BD5E0}.DX9|x64.ActiveCfg = Release|x64
		{200652A6-043E-4634-8837-87983B3BD5E0}.DX9|x64.Build.0 = Release|x64
		{200652A6-043E-4634-8837-87983B3BD5E0}.DX9-AVX|x64.ActiveCfg = Release-AVX|x64
		{200652A6-043E-4634-8837-87983B3BD5E0}.DX9-AVX|x64.Build.0 = Release-AVX|x64
		{200652A6-043E-4634-8837-87983B3BD5E0}.VerifiedDX11|x64.ActiveCfg = VerifiedDX11|x64
		{200652A6-043E-4634-8837-87983B3BD5E0}.VerifiedDX11|x64.Build.0 = VerifiedDX11|x64
		{435BAC9A-B225-457D-AB40-C9BD0CC8838C}.DX10|x64.ActiveCfg = Release|x64
		{435BAC9A-B225-457D-AB40-C9BD0CC8838C}.DX10|x64.Build.0 = Release|x64
		{435BAC9A-B225-457D-AB40-C9BD0CC8838C}.DX10-AVX|x64.ActiveCfg = Release-AVX|x64
		{435BAC9A-B225-457D-AB40-C9BD0CC8838C}.DX10-AVX|x64.Build.0 = Release-AVX|x64
		{435BAC9A-B225-457D-AB40-C9BD0CC8838C}.DX11|x64.ActiveCfg = Release|x64
		{435BAC9A-B225-457D-AB40-C9BD0CC8838C}.DX11|x64.Build.0 = Release|x64
		{435BAC9A-B225-457D-AB40-C9BD0CC8838C}.DX11-AVX|x64.ActiveCfg = Release-AVX|x64
		{435BAC9A-B225-457D-AB40-C9BD0CC8838C}.DX11-AVX|x64.Build.0 = Release-AVX|x64
		{435BAC9A-B225-457D-AB40-C9BD0CC8838C}.DX8|x64.ActiveCfg = Release|x64
		{435BAC9A-B225-457D-AB40-C9BD0CC8838C}.DX8|x64.Build.0 = Release|x64
		{435BAC9A-B225-457D-AB40-C9BD0CC8838C}.DX8-AVX|x64.ActiveCfg = Release-AVX|x64
		{435BAC9A-B225-457D-AB40-C9BD0CC8838C}.DX8-AVX|x64.Build.0 = Release-AVX|x64
		{435BAC9A-B225-457D-AB40-C9BD0CC8838C}.DX9|x64.ActiveCfg = Release|x64
		{435BAC9A-B225-457D-AB40-C9BD0CC8838C}.DX9|x64.Build.0 = Release|x64
		{435BAC9A-B225-457D-AB40-C9BD0CC8838C}.DX9-AVX|x64.ActiveCfg = Release-AVX|x64
		{435BAC9A-B225-457D-AB40-C9BD0CC8838C}.DX9-AVX|x64.Build.0 = Release-AVX|x64
		{435BAC9A-B225-457D-AB40-C9BD0CC8838C}.VerifiedDX11|x64.ActiveCfg = VerifiedDX11|x64
		{435BAC9A-B225-457D-AB40-C9BD0CC8838C}.VerifiedDX11|x64.Build.0 = VerifiedDX11|x64
		{94A1C366-3D19-48E6-8170-4ADC2E70DF97}.DX10|x64.ActiveCfg = Release|x64
		{94A1C366-3D19-48E6-8170-4ADC2E70DF97}.DX10|x64.Build.0 = Release|x64
		{94A1C366-3D19-48E6-8170-4ADC2E70DF97}.DX10-AVX|x64.ActiveCfg = Release-AVX|x64
		{94A1C366-3D19-48E6-8170-4ADC2E70DF97}.DX10-AVX|x64.Build.0 = Release-AVX|x64
		{94A1C366-3D19-48E6-8170-4ADC2E70DF97}.DX11|x64.ActiveCfg = Release|x64
		{94A1C366-3D19-48E6-8170-4ADC2E70DF97}.DX11|x64.Build.0 = Release|x64
		{94A1C366-3D19-48E6-8170-4ADC2E70DF97}.DX11-AVX|x64.ActiveCfg = Release-AVX|x64
		{94A1C366-3D19-48E6-8170-4ADC2E70DF97}.DX11-AVX|x64.Build.0 = Release-AVX|x64
		{94A1C366-3D19-48E6-8170-4ADC2E70DF97}.DX8|x64.ActiveCfg = Release|x64
		{94A1C366-3D19-48E6-8170-4ADC2E70DF97}.DX8|x64.Build.0 = Release|x64
		{94A1C366-3D19-48E6-8170-4ADC2E70DF97}.DX8-AVX|x64.ActiveCfg = Release-AVX|x64
		{94A1C366-3D19-48E6-8170-4ADC2E70DF97}.DX8-AVX|x64.Build.0 = Release-AVX|x64
		{94A1C366-3D19-48E6-8170-4ADC2E70DF97}.DX9|x64.ActiveCfg = Release|x64
		{94A1C366-3D19-48E6-8170-4ADC2E70DF97}.DX9|x64.Build.0 = Release|x64
		{94A1C366-3D19-48E6-8170-4ADC2E70DF97}.DX9-AVX|x64.ActiveCfg = Release-AVX|x64
		{94A1C366-3D19-48E6-8170-4ADC2E70DF97}.DX9-AVX|x64.Build.0 = Release-AVX|x64
		{94A1C366-3D19-48E6-8170-4ADC2E70DF97}.VerifiedDX11|x64.ActiveCfg = VerifiedDX11|x64
		{94A1C366-3D19-48E6-8170-4ADC2E70DF97}.VerifiedDX11|x64.Build.0 = VerifiedDX11|x64
		{57A498C9-A741-4DDF-8EFC-BFB9EB6B00E2}.DX10|x64.ActiveCfg = Release|x64
		{57A498C9-A741-4DDF-8EFC-BFB9EB6B00E2}.DX10|x64.Build.0 = Release|x64
		{57A498C9-A741-4DDF-8EFC-BFB9EB6B00E2}.DX10-AVX|x64.ActiveCfg = Release-AVX|x64
		{57A498C9-A741-4DDF-8EFC-BFB9EB6B00E2}.DX10-AVX|x64.Build.0 = Release-AVX|x64
		{57A498C9-A741-4DDF-8EFC-BFB9EB6B00E2}.DX11|x64.ActiveCfg = Release|x64
		{57A498C9-A741-4DDF-8EFC-BFB9EB6B00E2}.DX11|x64.Build.0 = Release|x64
		{57A498C9-A741-4DDF-8EFC-BFB9EB6B00E2}.DX11-AVX|x64.ActiveCfg = Release-AVX|x64
		{57A498C9-A741-4DDF-8EFC-BFB9EB6B00E2}.DX11-AVX|x64.Build.0 = Release-AVX|x64
		{57A498C9-A741-4DDF-8EFC-BFB9EB6B00E2}.DX8|x64.ActiveCfg = Release|x64
		{57A498C9-A741-4DDF-8EFC-BFB9EB6B00E2}.DX8|x64.Build.0 = Release|x64
		{57A498C9-A741-4DDF-8EFC-BFB9EB6B00E2}.DX8-AVX|x64.ActiveCfg = Release-AVX|x64
		{57A498C9-A741-4DDF-8EFC-BFB9EB6B00E2}.DX8-AVX|x64.Build.0 = Release-AVX|x64
		{57A498C9-A741-4DDF-8EFC-BFB9EB6B00E2}.DX9|x64.ActiveCfg = Release|x64
		{57A498C9-A741-4DDF-8EFC-BFB9EB6B00E2}.DX9|x64.Build.0 = Release|x64
		{57A498C9-A741-4DDF-8EFC-BFB9EB6B00E2}.DX9-AVX|x64.ActiveCfg = Release-AVX|x64
		{57A498C9-A741-4DDF-8EFC-BFB9EB6B00E2}.DX9-AVX|x64.Build.0 = Release-AVX|x64
		{57A498C9-A741-4DDF-8EFC-BFB9EB6B00E2}.VerifiedDX11|x64.ActiveCfg = VerifiedDX11|x64
		{57A498C9-A741-4DDF-8EFC-BFB9EB6B00E2}.VerifiedDX11|x64.Build.0 = VerifiedDX11|x64
		{963BA4E5-499A-454D-B002-1D5ECE0527A6}.DX10|x64.ActiveCfg = Release|x64
		{963BA4E5-499A-454D-B002-1D5ECE0527A6}.DX10|x64.Build.0 = Release|x64
		{963BA4E5-499A-454D-B002-1D5ECE0527A6}.DX10-AVX|x64.ActiveCfg = Release-AVX|x64
		{963BA4E5-499A-454D-B002-1D5ECE0527A6}.DX10-AVX|x64.Build.0 = Release-AVX|x64
		{963BA4E5-499A-454D-B002-1D5ECE0527A6}.DX11|x64.ActiveCfg = Release|x64
		{963BA4E5-499A-454D-B002-1D5ECE0527A6}.DX11|x64.Build.0 = Release|x64
		{963BA4E5-499A-454D-B002-1D5ECE0527A6}.DX11-AVX|x64.ActiveCfg = Release-AVX|x64
		{963BA4E5-499A-454D-B002-1D5ECE0527A6}.DX11-AVX|x64.Build.0 = Release-AVX|x64
		{963BA4E5-499A-454D-B002-1D5ECE0527A6}.DX8|x64.ActiveCfg = Release|x64
		{963BA4E5-499A-454D-B002-1D5ECE0527A6}.DX8|x64.Build.0 = Release|x64
		{963BA4E5-499A-454D-B002-1D5ECE0527A6}.DX8-AVX|x64.ActiveCfg = Release-AVX|x64
		{963BA4E5-499A-454D-B002-1D5ECE0527A6}.DX8-AVX|x64.Build.0 = Release-AVX|x64
		{963BA4E5-499A-454D-B002-1D5ECE0527A6}.DX9|x64.ActiveCfg = Release|x64
		{963BA4E5-499A-454D-B002-1D5ECE0527A6}.DX9|x64.Build.0 = Release|x64
		{963BA4E5-499A-454D-B002-1D5ECE0527A6}.DX9-AVX|x64.ActiveCfg = Release-AVX|x64
		{963BA4E5-499A-454D-B002-1D5ECE0527A6}.DX9-AVX|x64.Build.0 = Release-AVX|x64
		{963BA4E5-499A-454D-B002-1D5ECE0527A6}.VerifiedDX11|x64.ActiveCfg = VerifiedDX11|x64
		{963BA4E5-499A-454D-B002-1D5ECE0527A6}.VerifiedDX11|x64.Build.0 = VerifiedDX11|x64
		{CCCA7859-EB86-493E-9B53-C4235F45B3C5}.DX10|x64.ActiveCfg = Release|x64
		{CCCA7859-EB86-493E-9B53-C4235F45B3C5}.DX10|x64.Build.0 = Release|x64
		{CCCA7859-EB86-493E-9B53-C4235F45B3C5}.DX10-AVX|x64.ActiveCfg = Release-AVX|x64
		{CCCA7859-EB86-493E-9B53-C4235F45B3C5}.DX10-AVX|x64.Build.0 = Release-AVX|x64
		{CCCA7859-EB86-493E-9B53-C4235F45B3C5}.DX11|x64.ActiveCfg = Release|x64
		{CCCA7859-EB86-493E-9B53-C4235F45B3C5}.DX11|x64.Build.0 = Release|x64
		{CCCA7859-EB86-493E-9B53-C4235F45B3C5}.DX11-AVX|x64.ActiveCfg = Release-AVX|x64
		{CCCA7859-EB86-493E-9B53-C4235F45B3C5}.DX11-AVX|x64.Build.0 = Release-AVX|x64
		{CCCA7859-EB86-493E-9B53-C4235F45B3C5}.DX8|x64.ActiveCfg = Release|x64
		{CCCA7859-EB86-493E-9B53-C4235F45B3C5}.DX8|x64.Build.0 = Release|x64
		{CCCA7859-EB86-493E-9B53-C4235F45B3C5}.DX8-AVX|x64.ActiveCfg = Release-AVX|x64
		{CCCA7859-EB86-493E-9B53-C4235F45B3C5}.DX8-AVX|x64.Build.0 = Release-AVX|x64
		{CCCA7859-EB86-493E-9B53-C4235F45B3C5}.DX9|x64.ActiveCfg = Release|x64
		{CCCA7859-EB86-493E-9B53-C4235F45B3C5}.DX9|x64.Build.0 = Release|x64
		{CCCA7859-EB86-493E-9B53-C4235F45B3C5}.DX9-AVX|x64.ActiveCfg = Release-AVX|x64
		{CCCA7859-EB86-493E-9B53-C4235F45B3C5}.DX9-AVX|x64.Build.0 = Release-AVX|x64
		{CCCA7859-EB86-493E-9B53-C4235F45B3C5}.VerifiedDX11|x64.ActiveCfg = VerifiedDX11|x64
		{CCCA7859-EB86-493E-9B53-C4235F45B3C5}.VerifiedDX11|x64.Build.0 = VerifiedDX11|x64
		{94A1C366-3D19-48E6-8170-4ADC2E70DF98}.DX10|x64.ActiveCfg = Release|x64
		{94A1C366-3D19-48E6-8170-4ADC2E70DF98}.DX10|x64.Build.0 = Release|x64
		{94A1C366-3D19-48E6-8170-4ADC2E70DF98}.DX10-AVX|x64.ActiveCfg = Release-AVX|x64
		{94A1C366-3D19-48E6-8170-4ADC2E70DF98}.DX10-AVX|x64.Build.0 = Release-AVX|x64
		{94A1C366-3D19-48E6-8170-4ADC2E70DF98}.DX11|x64.ActiveCfg = Release|x64
		{94A1C366-3D19-48E6-8170-4ADC2E70DF98}.DX11|x64.Build.0 = Release|x64
		{94A1C366-3D19-48E6-8170-4ADC2E70DF98}.DX11-AVX|x64.ActiveCfg = Release-AVX|x64
		{94A1C366-3D19-48E6-8170-4ADC2E70DF98}.DX11-AVX|x64.Build.0 = Release-AVX|x64
		{94A1C366-3D19-48E6-8170-4ADC2E70DF98}.DX8|x64.ActiveCfg = Release|x64
		{94A1C366-3D19-48E6-8170-4ADC2E70DF98}.DX8|x64.Build.0 = Release|x64
		{94A1C366-3D19-48E6-8170-4ADC2E70DF98}.DX8-AVX|x64.ActiveCfg = Release-AVX|x64
		{94A1C366-3D19-48E6-8170-4ADC2E70DF98}.DX8-AVX|x64.Build.0 = Release-AVX|x64
		{94A1C366-3D19-48E6-8170-4ADC2E70DF98}.DX9|x64.ActiveCfg = Release|x64
		{94A1C366-3D19-48E6-8170-4ADC2E70DF98}.DX9|x64.Build.0 = Release|x64
		{94A1C366-3D19-48E6-8170-4ADC2E70DF98}.DX9-AVX|x64.ActiveCfg = Release-AVX|x64
		{94A1C366-3D19-48E6-8170-4ADC2E70DF98}.DX9-AVX|x64.Build.0 = Release-AVX|x64
		{94A1C366-3D19-48E6-8170-4ADC2E70DF98}.VerifiedDX11|x64.ActiveCfg = VerifiedDX11|x64
		{94A1C366-3D19-48E6-8170-4ADC2E70DF98}.VerifiedDX11|x64.Build.0 = VerifiedDX11|x64
		{1DAEC516-E52C-4A3C-A4DA-AE3553E6E0F8}.DX10|x64.ActiveCfg = Release|x64
		{1DAEC516-E52C-4A3C-A4DA-AE3553E6E0F8}.DX10|x64.Build.0 = Release|x64
		{1DAEC516-E52C-4A3C-A4DA-AE3553E6E0F8}.DX10-AVX|x64.ActiveCfg = Release-AVX|x64
		{1DAEC516-E52C-4A3C-A4DA-AE3553E6E0F8}.DX10-AVX|x64.Build.0 = Release-AVX|x64
		{1DAEC516-E52C-4A3C-A4DA-AE3553E6E0F8}.DX11|x64.ActiveCfg = Release|x64
		{1DAEC516-E52C-4A3C-A4DA-AE3553E6E0F8}.DX11|x64.Build.0 = Release|x64
		{1DAEC516-E52C-4A3C-A4DA-AE3553E6E0F8}.DX11-AVX|x64.ActiveCfg = Release-AVX|x64
		{1DAEC516-E52C-4A3C-A4DA-AE3553E6E0F8}.DX11-AVX|x64.Build.0 = Release-AVX|x64
		{1DAEC516-E52C-4A3C-A4DA-AE3553E6E0F8}.DX8|x64.ActiveCfg = Release|x64
		{1DAEC516-E52C-4A3C-A4DA-AE3553E6E0F8}.DX8|x64.Build.0 = Release|x64
		{1DAEC516-E52C-4A3C-A4DA-AE3553E6E0F8}.DX8-AVX|x64.ActiveCfg = Release-AVX|x64
		{1DAEC516-E52C-4A3C-A4DA-AE3553E6E0F8}.DX8-AVX|x64.Build.0 = Release-AVX|x64
		{1DAEC516-E52C-4A3C-A4DA-AE3553E6E0F8}.DX9|x64.ActiveCfg = Release|x64
		{1DAEC516-E52C-4A3C-A4DA-AE3553E6E0F8}.DX9|x64.Build.0 = Release|x64
		{1DAEC516-E52C-4A3C-A4DA-AE3553E6E0F8}.DX9-AVX|x64.ActiveCfg = Release-AVX|x64
		{1DAEC516-E52C-4A3C-A4DA-AE3553E6E0F8}.DX9-AVX|x64.Build.0 = Release-AVX|x64
		{1DAEC516-E52C-4A3C-A4DA-AE3553E6E0F8}.VerifiedDX11|x64.ActiveCfg = VerifiedDX11|x64
		{1DAEC516-E52C-4A3C-A4DA-AE3553E6E0F8}.VerifiedDX11|x64.Build.0 = VerifiedDX11|x64
		{3F383D3C-FCD8-4170-990B-EB4833F09248}.DX10|x64.ActiveCfg = Release|x64
		{3F383D3C-FCD8-4170-990B-EB4833F09248}.DX10|x64.Build.0 = Release|x64
		{3F383D3C-FCD8-4170-990B-EB4833F09248}.DX10-AVX|x64.ActiveCfg = Release-AVX|x64
		{3F383D3C-FCD8-4170-990B-EB4833F09248}.DX10-AVX|x64.Build.0 = Release-AVX|x64
		{3F383D3C-FCD8-4170-990B-EB4833F09248}.DX11|x64.ActiveCfg = Release|x64
		{3F383D3C-FCD8-4170-990B-EB4833F09248}.DX11|x64.Build.0 = Release|x64
		{3F383D3C-FCD8-4170-990B-EB4833F09248}.DX11-AVX|x64.ActiveCfg = Release-AVX|x64
		{3F383D3C-FCD8-4170-990B-EB4833F09248}.DX11-AVX|x64.Build.0 = Release-AVX|x64
		{3F383D3C-FCD8-4170-990B-EB4833F09248}.DX8|x64.ActiveCfg = Release|x64
		{3F383D3C-FCD8-4170-990B-EB4833F09248}.DX8|x64.Build.0 = Release|x64
		{3F383D3C-FCD8-4170-990B-EB4833F09248}.DX8-AVX|x64.ActiveCfg = Release-AVX|x64
		{3F383D3C-FCD8-4170-990B-EB4833F09248}.DX8-AVX|x64.Build.0 = Release-AVX|x64
		{3F383D3C-FCD8-4170-990B-EB4833F09248}.DX9|x64.ActiveCfg = Release|x64
		{3F383D3C-FCD8-4170-990B-EB4833F09248}.DX9|x64.Build.0 = Release|x64
		{3F383D3C-FCD8-4170-990B-EB4833F09248}.DX9-AVX|x64.ActiveCfg = Release-AVX|x64
		{3F383D3C-FCD8-4170-990B-EB4833F09248}.DX9-AVX|x64.Build.0 = Release-AVX|x64
		{3F383D3C-FCD8-4170-990B-EB4833F09248}.VerifiedDX11|x64.ActiveCfg = VerifiedDX11|x64
		{3F383D3C-FCD8-4170-990B-EB4833F09248}.VerifiedDX11|x64.Build.0 = VerifiedDX11|x64
		{CC52E0B3-CC35-4934-9302-035B748F3F2C}.DX10|x64.ActiveCfg = Release|x64
		{CC52E0B3-CC35-4934-9302-035B748F3F2C}.DX10|x64.Build.0 = Release|x64
		{CC52E0B3-CC35-4934-9302-035B748F3F2C}.DX10-AVX|x64.ActiveCfg = Release-AVX|x64
		{CC52E0B3-CC35-4934-9302-035B748F3F2C}.DX10-AVX|x64.Build.0 = Release-AVX|x64
		{CC52E0B3-CC35-4934-9302-035B748F3F2C}.DX11|x64.ActiveCfg = Release|x64
		{CC52E0B3-CC35-4934-9302-035B748F3F2C}.DX11|x64.Build.0 = Release|x64
		{CC52E0B3-CC35-4934-9302-035B748F3F2C}.DX11-AVX|x64.ActiveCfg = Release-AVX|x64
		{CC52E0B3-CC35-4934-9302-035B748F3F2C}.DX11-AVX|x64.Build.0 = Release-AVX|x64
		{CC52E0B3-CC35-4934-9302-035B748F3F2C}.DX8|x64.ActiveCfg = Release|x64
		{CC52E0B3-CC35-4934-9302-035B748F3F2C}.DX8|x64.Build.0 = Release|x64
		{CC52E0B3-CC35-4934-9302-035B748F3F2C}.DX8-AVX|x64.ActiveCfg = Release-AVX|x64
		{CC52E0B3-CC35-4934-9302-035B748F3F2C}.DX8-AVX|x64.Build.0 = Release-AVX|x64
		{CC52E0B3-CC35-4934-9302-035B748F3F2C}.DX9|x64.ActiveCfg = Release|x64
		{CC52E0B3-CC35-4934-9302-035B748F3F2C}.DX9|x64.Build.0 = Release|x64
		{CC52E0B3-CC35-4934-9302-035B748F3F2C}.DX9-AVX|x64.ActiveCfg = Release-AVX|x64
		{CC52E0B3-CC35-4934-9302-035B748F3F2C}.DX9-AVX|x64.Build.0 = Release-AVX|x64
		{CC52E0B3-CC35-4934-9302-035B748F3F2C}.VerifiedDX11|x64.ActiveCfg = VerifiedDX11|x64
		{CC52E0B3-CC35-4934-9302-035B748F3F2C}.VerifiedDX11|x64.Build.0 = VerifiedDX11|x64
		{98D24A3D-7666-4C11-9D6E-B10393CE8CBA}.DX10|x64.ActiveCfg = Release|x64
		{98D24A3D-7666-4C11-9D6E-B10393CE8CBA}.DX10|x64.Build.0 = Release|x64
		{98D24A3D-7666-4C11-9D6E-B10393CE8CBA}.DX10-AVX|x64.ActiveCfg = Release-AVX|x64
		{98D24A3D-7666-4C11-9D6E-B10393CE8CBA}.DX10-AVX|x64.Build.0 = Release-AVX|x64
		{98D24A3D-7666-4C11-9D6E-B10393CE8CBA}.DX11|x64.ActiveCfg = Release|x64
		{98D24A3D-7666-4C11-9D6E-B10393CE8CBA}.DX11|x64.Build.0 = Release|x64
		{98D24A3D-7666-4C11-9D6E-B10393CE8CBA}.DX11-AVX|x64.ActiveCfg = Release-AVX|x64
		{98D24A3D-7666-4C11-9D6E-B10393CE8CBA}.DX11-AVX|x64.Build.0 = Release-AVX|x64
		{98D24A3D-7666-4C11-9D6E-B10393CE8CBA}.DX8|x64.ActiveCfg = Release|x64
		{98D24A3D-7666-4C11-9D6E-B10393CE8CBA}.DX8|x64.Build.0 = Release|x64
		{98D24A3D-7666-4C11-9D6E-B10393CE8CBA}.DX8-AVX|x64.ActiveCfg = Release-AVX|x64
		{98D24A3D-7666-4C11-9D6E-B10393CE8CBA}.DX8-AVX|x64.Build.0 = Release-AVX|x64
		{98D24A3D-7666-4C11-9D6E-B10393CE8CBA}.DX9|x64.ActiveCfg = Release|x64
		{98D24A3D-7666-4C11-9D6E-B10393CE8CBA}.DX9|x64.Build.0 = Release|x64
		{98D24A3D-7666-4C11-9D6E-B10393CE8CBA}.DX9-AVX|x64.ActiveCfg = Release-AVX|x64
		{98D24A3D-7666-4C11-9D6E-B10393CE8CBA}.DX9-AVX|x64.Build.0 = Release-AVX|x64
		{98D24A3D-7666-4C11-9D6E-B10393CE8CBA}.VerifiedDX11|x64.ActiveCfg = VerifiedDX11|x64
		{98D24A3D-7666-4C11-9D6E-B10393CE8CBA}.VerifiedDX11|x64.Build.0 = VerifiedDX11|x64
		{FA169092-EA3E-40C1-8E5A-A2B575700FE8}.DX10|x64.ActiveCfg = Release|x64
		{FA169092-EA3E-40C1-8E5A-A2B575700FE8}.DX10|x64.Build.0 = Release|x64
		{FA169092-EA3E-40C1-8E5A-A2B575700FE8}.DX10-AVX|x64.ActiveCfg = Release-AVX|x64
		{FA169092-EA3E-40C1-8E5A-A2B575700FE8}.DX10-AVX|x64.Build.0 = Release-AVX|x64
		{FA169092-EA3E-40C1-8E5A-A2B575700FE8}.DX11|x64.ActiveCfg = Release|x64
		{FA169092-EA3E-40C1-8E5A-A2B575700FE8}.DX11|x64.Build.0 = Release|x64
		{FA169092-EA3E-40C1-8E5A-A2B575700FE8}.DX11-AVX|x64.ActiveCfg = Release-AVX|x64
		{FA169092-EA3E-40C1-8E5A-A2B575700FE8}.DX11-AVX|x64.Build.0 = Release-AVX|x64
		{FA169092-EA3E-40C1-8E5A-A2B575700FE8}.DX8|x64.ActiveCfg = Release|x64
		{FA169092-EA3E-40C1-8E5A-A2B575700FE8}.DX8|x64.Build.0 = Release|x64
		{FA169092-EA3E-40C1-8E5A-A2B575700FE8}.DX8-AVX|x64.ActiveCfg = Release-AVX|x64
		{FA169092-EA3E-40C1-8E5A-A2B575700FE8}.DX8-AVX|x64.Build.0 = Release-AVX|x64
		{FA169092-EA3E-40C1-8E5A-A2B575700FE8}.DX9|x64.ActiveCfg = Release|x64
		{FA169092-EA3E-40C1-8E5A-A2B575700FE8}.DX9|x64.Build.0 = Release|x64
		{FA169092-EA3E-40C1-8E5A-A2B575700FE8}.DX9-AVX|x64.ActiveCfg = Release-AVX|x64
		{FA169092-EA3E-40C1-8E5A-A2B575700FE8}.DX9-AVX|x64.Build.0 = Release-AVX|x64
		{FA169092-EA3E-40C1-8E5A-A2B575700FE8}.VerifiedDX11|x64.ActiveCfg = VerifiedDX11|x64
		{FA169092-EA3E-40C1-8E5A-A2B575700FE8}.VerifiedDX11|x64.Build.0 = VerifiedDX11|x64
		{AC9B12ED-A2D7-4337-A981-5BD8430E96D8}.DX10|x64.ActiveCfg = Release|x64
		{AC9B12ED-A2D7-4337-A981-5BD8430E96D8}.DX10|x64.Build.0 = Release|x64
		{AC9B12ED-A2D7-4337-A981-5BD8430E96D8}.DX10-AVX|x64.ActiveCfg = Release-AVX|x64
		{AC9B12ED-A2D7-4337-A981-5BD8430E96D8}.DX10-AVX|x64.Build.0 = Release-AVX|x64
		{AC9B12ED-A2D7-4337-A981-5BD8430E96D8}.DX11|x64.ActiveCfg = Release|x64
		{AC9B12ED-A2D7-4337-A981-5BD8430E96D8}.DX11|x64.Build.0 = Release|x64
		{AC9B12ED-A2D7-4337-A981-5BD8430E96D8}.DX11-AVX|x64.ActiveCfg = Release-AVX|x64
		{AC9B12ED-A2D7-4337-A981-5BD8430E96D8}.DX11-AVX|x64.Build.0 = Release-AVX|x64
		{AC9B12ED-A2D7-4337-A981-5BD8430E96D8}.DX8|x64.ActiveCfg = Release|x64
		{AC9B12ED-A2D7-4337-A981-5BD8430E96D8}.DX8|x64.Build.0 = Release|x64
		{AC9B12ED-A2D7-4337-A981-5BD8430E96D8}.DX8-AVX|x64.ActiveCfg = Release-AVX|x64
		{AC9B12ED-A2D7-4337-A981-5BD8430E96D8}.DX8-AVX|x64.Build.0 = Release-AVX|x64
		{AC9B12ED-A2D7-4337-A981-5BD8430E96D8}.DX9|x64.ActiveCfg = Release|x64
		{AC9B12ED-A2D7-4337-A981-5BD8430E96D8}.DX9|x64.Build.0 = Release|x64
		{AC9B12ED-A2D7-4337-A981-5BD8430E96D8}.DX9-AVX|x64.ActiveCfg = Release-AVX|x64
		{AC9B12ED-A2D7-4337-A981-5BD8430E96D8}.DX9-AVX|x64.Build.0 = Release-AVX|x64
		{AC9B12ED-A2D7-4337-A981-5BD8430E96D8}.VerifiedDX11|x64.ActiveCfg = VerifiedDX11|x64
		{AC9B12ED-A2D7-4337-A981-5BD8430E96D8}.VerifiedDX11|x64.Build.0 = VerifiedDX11|x64
		{880CD250-BA77-4DAF-A8D4-552F12DD3AE4}.DX10|x64.ActiveCfg = Release|x64
		{880CD250-BA77-4DAF-A8D4-552F12DD3AE4}.DX10|x64.Build.0 = Release|x64
		{880CD250-BA77-4DAF-A8D4-552F12DD3AE4}.DX10-AVX|x64.ActiveCfg = Release-AVX|x64
		{880CD250-BA77-4DAF-A8D4-552F12DD3AE4}.DX10-AVX|x64.Build.0 = Release-AVX|x64
		{880CD250-BA77-4DAF-A8D4-552F12DD3AE4}.DX11|x64.ActiveCfg = Release|x64
		{880CD250-BA77-4DAF-A8D4-552F12DD3AE4}.DX11|x64.Build.0 = Release|x64
		{880CD250-BA77-4DAF-A8D4-552F12DD3AE4}.DX11-AVX|x64.ActiveCfg = Release-AVX|x64
		{880CD250-BA77-4DAF-A8D4-552F12DD3AE4}.DX11-AVX|x64.Build.0 = Release-AVX|x64
		{880CD250-BA77-4DAF-A8D4-552F12DD3AE4}.DX8|x64.ActiveCfg = Release|x64
		{880CD250-BA77-4DAF-A8D4-552F12DD3AE4}.DX8|x64.Build.0 = Release|x64
		{880CD250-BA77-4DAF-A8D4-552F12DD3AE4}.DX8-AVX|x64.ActiveCfg = Release-AVX|x64
		{880CD250-BA77-4DAF-A8D4-552F12DD3AE4}.DX8-AVX|x64.Build.0 = Release-AVX|x64
		{880CD250-BA77-4DAF-A8D4-552F12DD3AE4}.DX9|x64.ActiveCfg = Release|x64
		{880CD250-BA77-4DAF-A8D4-552F12DD3AE4}.DX9|x64.Build.0 = Release|x64
		{880CD250-BA77-4DAF-A8D4-552F12DD3AE4}.DX9-AVX|x64.ActiveCfg = Release-AVX|x64
		{880CD250-BA77-4DAF-A8D4-552F12DD3AE4}.DX9-AVX|x64.Build.0 = Release-AVX|x64
		{880CD250-BA77-4DAF-A8D4-552F12DD3AE4}.VerifiedDX11|x64.ActiveCfg = VerifiedDX11|x64
		{880CD250-BA77-4DAF-A8D4-552F12DD3AE4}.VerifiedDX11|x64.Build.0 = VerifiedDX11|x64
		{0EB257DC-5CFC-44B0-82C9-CE6B158BE473}.DX10|x64.ActiveCfg = Release|x64
		{0EB257DC-5CFC-44B0-82C9-CE6B158BE473}.DX10|x64.Build.0 = Release|x64
		{0EB257DC-5CFC-44B0-82C9-CE6B158BE473}.DX10-AVX|x64.ActiveCfg = Release-AVX|x64
		{0EB257DC-5CFC-44B0-82C9-CE6B158BE473}.DX10-AVX|x64.Build.0 = Release-AVX|x64
		{0EB257DC-5CFC-44B0-82C9-CE6B158BE473}.DX11|x64.ActiveCfg = Release|x64
		{0EB257DC-5CFC-44B0-82C9-CE6B158BE473}.DX11|x64.Build.0 = Release|x64
		{0EB257DC-5CFC-44B0-82C9-CE6B158BE473}.DX11-AVX|x64.ActiveCfg = Release-AVX|x64
		{0EB257DC-5CFC-44B0-82C9-CE6B158BE473}.DX11-AVX|x64.Build.0 = Release-AVX|x64
		{0EB257DC-5CFC-44B0-82C9-CE6B158BE473}.DX8|x64.ActiveCfg = Release|x64
		{0EB257DC-5CFC-44B0-82C9-CE6B158BE473}.DX8|x64.Build.0 = Release|x64
		{0EB257DC-5CFC-44B0-82C9-CE6B158BE473}.DX8-AVX|x64.ActiveCfg = Release-AVX|x64
		{0EB257DC-5CFC-44B0-82C9-CE6B158BE473}.DX8-AVX|x64.Build.0 = Release-AVX|x64
		{0EB257DC-5CFC-44B0-82C9-CE6B158BE473}.DX9|x64.ActiveCfg = Release|x64
		{0EB257DC-5CFC-44B0-82C9-CE6B158BE473}.DX9|x64.Build.0 = Release|x64
		{0EB257DC-5CFC-44B0-82C9-CE6B158BE473}.DX9-AVX|x64.ActiveCfg = Release-AVX|x64
		{0EB257DC-5CFC-44B0-82C9-CE6B158BE473}.DX9-AVX|x64.Build.0 = Release-AVX|x64
		{0EB257DC-5CFC-44B0-82C9-CE6B158BE473}.VerifiedDX11|x64.ActiveCfg = VerifiedDX11|x64
		{0EB257DC-5CFC-44B0-82C9-CE6B158BE473}.VerifiedDX11|x64.Build.0 = VerifiedDX11|x64
		{44F716E7-05BD-4390-AB02-5F7DAF7FEFDE}.DX10|x64.ActiveCfg = Release|x64
		{44F716E7-05BD-4390-AB02-5F7DAF7FEFDE}.DX10|x64.Build.0 = Release|x64
		{44F716E7-05BD-4390-AB02-5F7DAF7FEFDE}.DX10-AVX|x64.ActiveCfg = Release-AVX|x64
		{44F716E7-05BD-4390-AB02-5F7DAF7FEFDE}.DX10-AVX|x64.Build.0 = Release-AVX|x64
		{44F716E7-05BD-4390-AB02-5F7DAF7FEFDE}.DX11|x64.ActiveCfg = Release|x64
		{44F716E7-05BD-4390-AB02-5F7DAF7FEFDE}.DX11|x64.Build.0 = Release|x64
		{44F716E7-05BD-4390-AB02-5F7DAF7FEFDE}.DX11-AVX|x64.ActiveCfg = Release-AVX|x64
		{44F716E7-05BD-4390-AB02-5F7DAF7FEFDE}.DX11-AVX|x64.Build.0 = Release-AVX|x64
		{44F716E7-05BD-4390-AB02-5F7DAF7FEFDE}.DX8|x64.ActiveCfg = Release|x64
		{44F716E7-05BD-4390-AB02-5F7DAF7FEFDE}.DX8|x64.Build.0 = Release|x64
		{44F716E7-05BD-4390-AB02-5F7DAF7FEFDE}.DX8-AVX|x64.ActiveCfg = Release-AVX|x64
		{44F716E7-05BD-4390-AB02-5F7DAF7FEFDE}.DX8-AVX|x64.Build.0 = Release-AVX|x64
		{44F716E7-05BD-4390-AB02-5F7DAF7FEFDE}.DX9|x64.ActiveCfg = Release|x64
		{44F716E7-05BD-4390-AB02-5F7DAF7FEFDE}.DX9|x64.Build.0 = Release|x64
		{44F716E7-05BD-4390-AB02-5F7DAF7FEFDE}.DX9-AVX|x64.ActiveCfg = Release-AVX|x64
		{44F716E7-05BD-4390-AB02-5F7DAF7FEFDE}.DX9-AVX|x64.Build.0 = Release-AVX|x64
		{44F716E7-05BD-4390-AB02-5F7DAF7FEFDE}.VerifiedDX11|x64.ActiveCfg = VerifiedDX11|x64
		{44F716E7-05BD-4390-AB02-5F7DAF7FEFDE}.VerifiedDX11|x64.Build.0 = VerifiedDX11|x64
		{938C5808-85A1-4B5A-8CB4-D2D9D7851CB8}.DX10|x64.ActiveCfg = Release|x64
		{938C5808-85A1-4B5A-8CB4-D2D9D7851CB8}.DX10|x64.Build.0 = Release|x64
		{938C5808-85A1-4B5A-8CB4-D2D9D7851CB8}.DX10-AVX|x64.ActiveCfg = Release-AVX|x64
		{938C5808-85A1-4B5A-8CB4-D2D9D7851CB8}.DX10-AVX|x64.Build.0 = Release-AVX|x64
		{938C5808-85A1-4B5A-8CB4-D2D9D7851CB8}.DX11|x64.ActiveCfg = Release|x64
		{938C5808-85A1-4B5A-8CB4-D2D9D7851CB8}.DX11|x64.Build.0 = Release|x64
		{938C5808-85A1-4B5A-8CB4-D2D9D7851CB8}.DX11-AVX|x64.ActiveCfg = Release-AVX|x64
		{938C5808-85A1-4B5A-8CB4-D2D9D7851CB8}.DX11-AVX|x64.Build.0 = Release-AVX|x64
		{938C5808-85A1-4B5A-8CB4-D2D9D7851CB8}.DX8|x64.ActiveCfg = Release|x64
		{938C5808-85A1-4B5A-8CB4-D2D9D7851CB8}.DX8|x64.Build.0 = Release|x64
		{938C5808-85A1-4B5A-8CB4-D2D9D7851CB8}.DX8-AVX|x64.ActiveCfg = Release-AVX|x64
		{938C5808-85A1-4B5A-8CB4-D2D9D7851CB8}.DX8-AVX|x64.Build.0 = Release-AVX|x64
		{938C5808-85A1-4B5A-8CB4-D2D9D7851CB8}.DX9|x64.ActiveCfg = Release|x64
		{938C5808-85A1-4B5A-8CB4-D2D9D7851CB8}.DX9|x64.Build.0 = Release|x64
		{938C5808-85A1-4B5A-8CB4-D2D9D7851CB8}.DX9-AVX|x64.ActiveCfg = Release-AVX|x64
		{938C5808-85A1-4B5A-8CB4-D2D9D7851CB8}.DX9-AVX|x64.Build.0 = Release-AVX|x64
		{938C5808-85A1-4B5A-8CB4-D2D9D7851CB8}.VerifiedDX11|x64.ActiveCfg = VerifiedDX11|x64
		{938C5808-85A1-4B5A-8CB4-D2D9D7851CB8}.VerifiedDX11|x64.Build.0 = VerifiedDX11|x64
		{893887A1-3ABF-40A0-B931-CD0867010785}.DX10|x64.ActiveCfg = Release|x64
		{893887A1-3ABF-40A0-B931-CD0867010785}.DX10|x64.Build.0 = Release|x64
		{893887A1-3ABF-40A0-B931-CD0867010785}.DX10-AVX|x64.ActiveCfg = Release-AVX|x64
		{893887A1-3ABF-40A0-B931-CD0867010785}.DX10-AVX|x64.Build.0 = Release-AVX|x64
		{893887A1-3ABF-40A0-B931-CD0867010785}.DX11|x64.ActiveCfg = Release|x64
		{893887A1-3ABF-40A0-B931-CD0867010785}.DX11|x64.Build.0 = Release|x64
		{893887A1-3ABF-40A0-B931-CD0867010785}.DX11-AVX|x64.ActiveCfg = Release-AVX|x64
		{893887A1-3ABF-40A0-B931-CD0867010785}.DX11-AVX|x64.Build.0 = Release-AVX|x64
		{893887A1-3ABF-40A0-B931-CD0867010785}.DX8|x64.ActiveCfg = Release|x64
		{893887A1-3ABF-40A0-B931-CD0867010785}.DX8|x64.Build.0 = Release|x64
		{893887A1-3ABF-40A0-B931-CD0867010785}.DX8-AVX|x64.ActiveCfg = Release-AVX|x64
		{893887A1-3ABF-40A0-B931-CD0867010785}.DX8-AVX|x64.Build.0 = Release-AVX|x64
		{893887A1-3ABF-40A0-B931-CD0867010785}.DX9|x64.ActiveCfg = Release|x64
		{893887A1-3ABF-40A0-B931-CD0867010785}.DX9|x64.Build.0 = Release|x64
		{893887A1-3ABF-40A0-B931-CD0867010785}.DX9-AVX|x64.ActiveCfg = Release-AVX|x64
		{893887A1-3ABF-40A0-B931-CD0867010785}.DX9-AVX|x64.Build.0 = Release-AVX|x64
		{893887A1-3ABF-40A0-B931-CD0867010785}.VerifiedDX11|x64.ActiveCfg = VerifiedDX11|x64
		{893887A1-3ABF-40A0-B931-CD0867010785}.VerifiedDX11|x64.Build.0 = VerifiedDX11|x64
		{0BDF3377-F84E-4B42-A605-B45AAA244CB6}.DX10|x64.ActiveCfg = Release|x64
		{0BDF3377-F84E-4B42-A605-B45AAA244CB6}.DX10|x64.Build.0 = Release|x64
		{0BDF3377-F84E-4B42-A605-B45AAA244CB6}.DX10-AVX|x64.ActiveCfg = Release-AVX|x64
		{0BDF3377-F84E-4B42-A605-B45AAA244CB6}.DX10-AVX|x64.Build.0 = Release-AVX|x64
		{0BDF3377-F84E-4B42-A605-B45AAA244CB6}.DX11|x64.ActiveCfg = Release|x64
		{0BDF3377-F84E-4B42-A605-B45AAA244CB6}.DX11|x64.Build.0 = Release|x64
		{0BDF3377-F84E-4B42-A605-B45AAA244CB6}.DX11-AVX|x64.ActiveCfg = Release-AVX|x64
		{0BDF3377-F84E-4B42-A605-B45AAA244CB6}.DX11-AVX|x64.Build.0 = Release-AVX|x64
		{0BDF3377-F84E-4B42-A605-B45AAA244CB6}.DX8|x64.ActiveCfg = Release|x64
		{0BDF3377-F84E-4B42-A605-B45AAA244CB6}.DX8|x64.Build.0 = Release|x64
		{0BDF3377-F84E-4B42-A605-B45AAA244CB6}.DX8-AVX|x64.ActiveCfg = Release-AVX|x64
		{0BDF3377-F84E-4B42-A605-B45AAA244CB6}.DX8-AVX|x64.Build.0 = Release-AVX|x64
		{0BDF3377-F84E-4B42-A605-B45AAA244CB6}.DX9|x64.ActiveCfg = Release|x64
		{0BDF3377-F84E-4B42-A605-B45AAA244CB6}.DX9|x64.Build.0 = Release|x64
		{0BDF3377-F84E-4B42-A605-B45AAA244CB6}.DX9-AVX|x64.ActiveCfg = Release-AVX|x64
		{0BDF3377-F84E-4B42-A605-B45AAA244CB6}.DX9-AVX|x64.Build.0 = Release-AVX|x64
		{0BDF3377-F84E-4B42-A605-B45AAA244CB6}.VerifiedDX11|x64.ActiveCfg = VerifiedDX11|x64
		{0BDF3377-F84E-4B42-A605-B45AAA244CB6}.VerifiedDX11|x64.Build.0 = VerifiedDX11|x64
		{3A214E06-B95E-4D61-A291-1F8DF2EC10FD}.DX10|x64.ActiveCfg = Release|x64
		{3A214E06-B95E-4D61-A291-1F8DF2EC10FD}.DX10|x64.Build.0 = Release|x64
		{3A214E06-B95E-4D61-A291-1F8DF2EC10FD}.DX10-AVX|x64.ActiveCfg = Release-AVX|x64
		{3A214E06-B95E-4D61-A291-1F8DF2EC10FD}.DX10-AVX|x64.Build.0 = Release-AVX|x64
		{3A214E06-B95E-4D61-A291-1F8DF2EC10FD}.DX11|x64.ActiveCfg = Release|x64
		{3A214E06-B95E-4D61-A291-1F8DF2EC10FD}.DX11|x64.Build.0 = Release|x64
		{3A214E06-B95E-4D61-A291-1F8DF2EC10FD}.DX11-AVX|x64.ActiveCfg = Release-AVX|x64
		{3A214E06-B95E-4D61-A291-1F8DF2EC10FD}.DX11-AVX|x64.Build.0 = Release-AVX|x64
		{3A214E06-B95E-4D61-A291-1F8DF2EC10FD}.DX8|x64.ActiveCfg = Release|x64
		{3A214E06-B95E-4D61-A291-1F8DF2EC10FD}.DX8|x64.Build.0 = Release|x64
		{3A214E06-B95E-4D61-A291-1F8DF2EC10FD}.DX8-AVX|x64.ActiveCfg = Release-AVX|x64
		{3A214E06-B95E-4D61-A291-1F8DF2EC10FD}.DX8-AVX|x64.Build.0 = Release-AVX|x64
		{3A214E06-B95E-4D61-A291-1F8DF2EC10FD}.DX9|x64.ActiveCfg = Release|x64
		{3A214E06-B95E-4D61-A291-1F8DF2EC10FD}.DX9|x64.Build.0 = Release|x64
		{3A214E06-B95E-4D61-A291-1F8DF2EC10FD}.DX9-AVX|x64.ActiveCfg = Release-AVX|x64
		{3A214E06-B95E-4D61-A291-1F8DF2EC10FD}.DX9-AVX|x64.Build.0 = Release-AVX|x64
		{3A214E06-B95E-4D61-A291-1F8DF2EC10FD}.VerifiedDX11|x64.ActiveCfg = VerifiedDX11|x64
		{3A214E06-B95E-4D61-A291-1F8DF2EC10FD}.VerifiedDX11|x64.Build.0 = VerifiedDX11|x64
		{CEBDE98B-A6AA-46E6-BC79-FAAF823DB9EC}.DX10|x64.ActiveCfg = Release|x64
		{CEBDE98B-A6AA-46E6-BC79-FAAF823DB9EC}.DX10|x64.Build.0 = Release|x64
		{CEBDE98B-A6AA-46E6-BC79-FAAF823DB9EC}.DX10-AVX|x64.ActiveCfg = Release-AVX|x64
		{CEBDE98B-A6AA-46E6-BC79-FAAF823DB9EC}.DX10-AVX|x64.Build.0 = Release-AVX|x64
		{CEBDE98B-A6AA-46E6-BC79-FAAF823DB9EC}.DX11|x64.ActiveCfg = Release|x64
		{CEBDE98B-A6AA-46E6-BC79-FAAF823DB9EC}.DX11|x64.Build.0 = Release|x64
		{CEBDE98B-A6AA-46E6-BC79-FAAF823DB9EC}.DX11-AVX|x64.ActiveCfg = Release-AVX|x64
		{CEBDE98B-A6AA-46E6-BC79-FAAF823DB9EC}.DX11-AVX|x64.Build.0 = Release-AVX|x64
		{CEBDE98B-A6AA-46E6-BC79-FAAF823DB9EC}.DX8|x64.ActiveCfg = Release|x64
		{CEBDE98B-A6AA-46E6-BC79-FAAF823DB9EC}.DX8|x64.Build.0 = Release|x64
		{CEBDE98B-A6AA-46E6-BC79-FAAF823DB9EC}.DX8-AVX|x64.ActiveCfg = Release-AVX|x64
		{CEBDE98B-A6AA-46E6-BC79-FAAF823DB9EC}.DX8-AVX|x64.Build.0 = Release-AVX|x64
		{CEBDE98B-A6AA-46E6-BC79-FAAF823DB9EC}.DX9|x64.ActiveCfg = Release|x64
		{CEBDE98B-A6AA-46E6-BC79-FAAF823DB9EC}.DX9|x64.Build.0 = Release|x64
		{CEBDE98B-A6AA-46E6-BC79-FAAF823DB9EC}.DX9-AVX|x64.ActiveCfg = Release-AVX|x64
		{CEBDE98B-A6AA-46E6-BC79-FAAF823DB9EC}.DX9-AVX|x64.Build.0 = Release-AVX|x64
		{CEBDE98B-A6AA-46E6-BC79-FAAF823DB9EC}.VerifiedDX11|x64.ActiveCfg = VerifiedDX11|x64
		{CEBDE98B-A6AA-46E6-BC79-FAAF823DB9EC}.VerifiedDX11|x64.Build.0 = VerifiedDX11|x64
		{632AEEB6-DC06-4E15-9551-B2B09A4B73C5}.DX10|x64.ActiveCfg = Release|x64
		{632AEEB6-DC06-4E15-9551-B2B09A4B73C5}.DX10|x64.Build.0 = Release|x64
		{632AEEB6-DC06-4E15-9551-B2B09A4B73C5}.DX10-AVX|x64.ActiveCfg = Release|x64
		{632AEEB6-DC06-4E15-9551-B2B09A4B73C5}.DX10-AVX|x64.Build.0 = Release|x64
		{632AEEB6-DC06-4E15-9551-B2B09A4B73C5}.DX11|x64.ActiveCfg = Release|x64
		{632AEEB6-DC06-4E15-9551-B2B09A4B73C5}.DX11|x64.Build.0 = Release|x64
		{632AEEB6-DC06-4E15-9551-B2B09A4B73C5}.DX11-AVX|x64.ActiveCfg = Release|x64
		{632AEEB6-DC06-4E15-9551-B2B09A4B73C5}.DX11-AVX|x64.Build.0 = Release|x64
		{632AEEB6-DC06-4E15-9551-B2B09A4B73C5}.DX8|x64.ActiveCfg = Release|x64
		{632AEEB6-DC06-4E15-9551-B2B09A4B73C5}.DX8|x64.Build.0 = Release|x64
		{632AEEB6-DC06-4E15-9551-B2B09A4B73C5}.DX8-AVX|x64.ActiveCfg = Release|x64
		{632AEEB6-DC06-4E15-9551-B2B09A4B73C5}.DX8-AVX|x64.Build.0 = Release|x64
		{632AEEB6-DC06-4E15-9551-B2B09A4B73C5}.DX9|x64.ActiveCfg = Release|x64
		{632AEEB6-DC06-4E15-9551-B2B09A4B73C5}.DX9|x64.Build.0 = Release|x64
		{632AEEB6-DC06-4E15-9551-B2B09A4B73C5}.DX9-AVX|x64.ActiveCfg = Release|x64
		{632AEEB6-DC06-4E15-9551-B2B09A4B73C5}.DX9-AVX|x64.Build.0 = Release|x64
		{632AEEB6-DC06-4E15-9551-B2B09A4B73C5}.VerifiedDX11|x64.ActiveCfg = Release|x64
		{632AEEB6-DC06-4E15-9551-B2B09A4B73C5}.VerifiedDX11|x64.Build.0 = Release|x64
		{772FE450-F4F3-4687-A2A7-5624825089D7}.DX10|x64.ActiveCfg = Release|x64
		{772FE450-F4F3-4687-A2A7-5624825089D7}.DX10|x64.Build.0 = Release|x64
		{772FE450-F4F3-4687-A2A7-5624825089D7}.DX10-AVX|x64.ActiveCfg = Release-AVX|x64
		{772FE450-F4F3-4687-A2A7-5624825089D7}.DX10-AVX|x64.Build.0 = Release-AVX|x64
		{772FE450-F4F3-4687-A2A7-5624825089D7}.DX11|x64.ActiveCfg = Release|x64
		{772FE450-F4F3-4687-A2A7-5624825089D7}.DX11|x64.Build.0 = Release|x64
		{772FE450-F4F3-4687-A2A7-5624825089D7}.DX11-AVX|x64.ActiveCfg = Release-AVX|x64
		{772FE450-F4F3-4687-A2A7-5624825089D7}.DX11-AVX|x64.Build.0 = Release-AVX|x64
		{772FE450-F4F3-4687-A2A7-5624825089D7}.DX8|x64.ActiveCfg = Release|x64
		{772FE450-F4F3-4687-A2A7-5624825089D7}.DX8|x64.Build.0 = Release|x64
		{772FE450-F4F3-4687-A2A7-5624825089D7}.DX8-AVX|x64.ActiveCfg = Release-AVX|x64
		{772FE450-F4F3-4687-A2A7-5624825089D7}.DX8-AVX|x64.Build.0 = Release-AVX|x64
		{772FE450-F4F3-4687-A2A7-5624825089D7}.DX9|x64.ActiveCfg = Release|x64
		{772FE450-F4F3-4687-A2A7-5624825089D7}.DX9|x64.Build.0 = Release|x64
		{772FE450-F4F3-4687-A2A7-5624825089D7}.DX9-AVX|x64.ActiveCfg = Release-AVX|x64
		{772FE450-F4F3-4687-A2A7-5624825089D7}.DX9-AVX|x64.Build.0 = Release-AVX|x64
		{772FE450-F4F3-4687-A2A7-5624825089D7}.VerifiedDX11|x64.ActiveCfg = VerifiedDX11|x64
		{772FE450-F4F3-4687-A2A7-5624825089D7}.VerifiedDX11|x64.Build.0 = VerifiedDX11|x64
	EndGlobalSection
	GlobalSection(SolutionProperties) = preSolution
		HideSolutionNode = FALSE
	EndGlobalSection
	GlobalSection(NestedProjects) = preSolution
		{1BF75FEB-87DD-486C-880B-227987D191C2} = {2BFC806B-CE92-4EA4-8FE8-5F2EA54BA348}
		{566551F4-4EF1-4CB4-A131-F982E7606907} = {2BFC806B-CE92-4EA4-8FE8-5F2EA54BA348}
		{CC52E0B3-CC35-4934-9302-035B748F3F2C} = {2BFC806B-CE92-4EA4-8FE8-5F2EA54BA348}
		{FA169092-EA3E-40C1-8E5A-A2B575700FE8} = {2BFC806B-CE92-4EA4-8FE8-5F2EA54BA348}
		{880CD250-BA77-4DAF-A8D4-552F12DD3AE4} = {2BFC806B-CE92-4EA4-8FE8-5F2EA54BA348}
		{0EB257DC-5CFC-44B0-82C9-CE6B158BE473} = {2BFC806B-CE92-4EA4-8FE8-5F2EA54BA348}
		{44F716E7-05BD-4390-AB02-5F7DAF7FEFDE} = {2BFC806B-CE92-4EA4-8FE8-5F2EA54BA348}
		{938C5808-85A1-4B5A-8CB4-D2D9D7851CB8} = {2BFC806B-CE92-4EA4-8FE8-5F2EA54BA348}
		{893887A1-3ABF-40A0-B931-CD0867010785} = {2BFC806B-CE92-4EA4-8FE8-5F2EA54BA348}
		{0BDF3377-F84E-4B42-A605-B45AAA244CB6} = {2BFC806B-CE92-4EA4-8FE8-5F2EA54BA348}
		{3A214E06-B95E-4D61-A291-1F8DF2EC10FD} = {2BFC806B-CE92-4EA4-8FE8-5F2EA54BA348}
		{CEBDE98B-A6AA-46E6-BC79-FAAF823DB9EC} = {2BFC806B-CE92-4EA4-8FE8-5F2EA54BA348}
		{632AEEB6-DC06-4E15-9551-B2B09A4B73C5} = {2BFC806B-CE92-4EA4-8FE8-5F2EA54BA348}
		{772FE450-F4F3-4687-A2A7-5624825089D7} = {2BFC806B-CE92-4EA4-8FE8-5F2EA54BA348}
	EndGlobalSection
	GlobalSection(ExtensibilityGlobals) = postSolution
		SolutionGuid = {76CF157A-A169-443B-AE3A-F17AD29325C6}
	EndGlobalSection
	GlobalSection(DPCodeReviewSolutionGUID) = preSolution
		DPCodeReviewSolutionGUID = {00000000-0000-0000-0000-000000000000}
	EndGlobalSection
EndGlobal
